
Microsoft Visual Studio Solution File, Format Version 12.00
# Visual Studio Version 16
VisualStudioVersion = 16.0.29503.13
MinimumVisualStudioVersion = 10.0.40219.1
Project("{8BC9CEB8-8B4A-11D0-8D11-00A0C91BC942}") = "2017-2-assn2", "2017-2-assn2\2017-2-assn2.vcxproj", "{458EFE06-6AE4-4552-A5B3-3C1D670C1AA7}"
EndProject
Global
	GlobalSection(SolutionConfigurationPlatforms) = preSolution
		Debug|x64 = Debug|x64
		Debug|x86 = Debug|x86
		Release|x64 = Release|x64
		Release|x86 = Release|x86
	EndGlobalSection
	GlobalSection(ProjectConfigurationPlatforms) = postSolution
		{458EFE06-6AE4-4552-A5B3-3C1D670C1AA7}.Debug|x64.ActiveCfg = Debug|x64
		{458EFE06-6AE4-4552-A5B3-3C1D670C1AA7}.Debug|x64.Build.0 = Debug|x64
		{458EFE06-6AE4-4552-A5B3-3C1D670C1AA7}.Debug|x86.ActiveCfg = Debug|Win32
		{458EFE06-6AE4-4552-A5B3-3C1D670C1AA7}.Debug|x86.Build.0 = Debug|Win32
		{458EFE06-6AE4-4552-A5B3-3C1D670C1AA7}.Release|x64.ActiveCfg = Release|x64
		{458EFE06-6AE4-4552-A5B3-3C1D670C1AA7}.Release|x64.Build.0 = Release|x64
		{458EFE06-6AE4-4552-A5B3-3C1D670C1AA7}.Release|x86.ActiveCfg = Release|Win32
		{458EFE06-6AE4-4552-A5B3-3C1D670C1AA7}.Release|x86.Build.0 = Release|Win32
	EndGlobalSection
	GlobalSection(SolutionProperties) = preSolution
		HideSolutionNode = FALSE
	EndGlobalSection
	GlobalSection(ExtensibilityGlobals) = postSolution
		SolutionGuid = {BAC19005-F577-4589-B74A-C04B249C7AA7}
	EndGlobalSection
EndGlobal
