
Microsoft Visual Studio Solution File, Format Version 12.00
# Visual Studio 15
VisualStudioVersion = 15.0.28307.421
MinimumVisualStudioVersion = 10.0.40219.1
Project("{8BC9CEB8-8B4A-11D0-8D11-00A0C91BC942}") = "csed101_2019_1_assn4", "csed101_2019_1_assn4\csed101_2019_1_assn4.vcxproj", "{50548AF7-78B8-4A66-B034-2686FB6072FC}"
EndProject
Global
	GlobalSection(SolutionConfigurationPlatforms) = preSolution
		Debug|x64 = Debug|x64
		Debug|x86 = Debug|x86
		Release|x64 = Release|x64
		Release|x86 = Release|x86
	EndGlobalSection
	GlobalSection(ProjectConfigurationPlatforms) = postSolution
		{50548AF7-78B8-4A66-B034-2686FB6072FC}.Debug|x64.ActiveCfg = Debug|x64
		{50548AF7-78B8-4A66-B034-2686FB6072FC}.Debug|x64.Build.0 = Debug|x64
		{50548AF7-78B8-4A66-B034-2686FB6072FC}.Debug|x86.ActiveCfg = Debug|Win32
		{50548AF7-78B8-4A66-B034-2686FB6072FC}.Debug|x86.Build.0 = Debug|Win32
		{50548AF7-78B8-4A66-B034-2686FB6072FC}.Release|x64.ActiveCfg = Release|x64
		{50548AF7-78B8-4A66-B034-2686FB6072FC}.Release|x64.Build.0 = Release|x64
		{50548AF7-78B8-4A66-B034-2686FB6072FC}.Release|x86.ActiveCfg = Release|Win32
		{50548AF7-78B8-4A66-B034-2686FB6072FC}.Release|x86.Build.0 = Release|Win32
	EndGlobalSection
	GlobalSection(SolutionProperties) = preSolution
		HideSolutionNode = FALSE
	EndGlobalSection
	GlobalSection(ExtensibilityGlobals) = postSolution
		SolutionGuid = {2601867B-836B-4346-B4AE-6776C062BA59}
	EndGlobalSection
EndGlobal
