
Microsoft Visual Studio Solution File, Format Version 12.00
# Visual Studio Version 16
VisualStudioVersion = 16.0.29503.13
MinimumVisualStudioVersion = 10.0.40219.1
Project("{8BC9CEB8-8B4A-11D0-8D11-00A0C91BC942}") = "19-2-101-assn5", "19-2-101-assn5\19-2-101-assn5.vcxproj", "{8C366C28-33D8-405E-AF31-399E7BAAF0A0}"
EndProject
Global
	GlobalSection(SolutionConfigurationPlatforms) = preSolution
		Debug|x64 = Debug|x64
		Debug|x86 = Debug|x86
		Release|x64 = Release|x64
		Release|x86 = Release|x86
	EndGlobalSection
	GlobalSection(ProjectConfigurationPlatforms) = postSolution
		{8C366C28-33D8-405E-AF31-399E7BAAF0A0}.Debug|x64.ActiveCfg = Debug|x64
		{8C366C28-33D8-405E-AF31-399E7BAAF0A0}.Debug|x64.Build.0 = Debug|x64
		{8C366C28-33D8-405E-AF31-399E7BAAF0A0}.Debug|x86.ActiveCfg = Debug|Win32
		{8C366C28-33D8-405E-AF31-399E7BAAF0A0}.Debug|x86.Build.0 = Debug|Win32
		{8C366C28-33D8-405E-AF31-399E7BAAF0A0}.Release|x64.ActiveCfg = Release|x64
		{8C366C28-33D8-405E-AF31-399E7BAAF0A0}.Release|x64.Build.0 = Release|x64
		{8C366C28-33D8-405E-AF31-399E7BAAF0A0}.Release|x86.ActiveCfg = Release|Win32
		{8C366C28-33D8-405E-AF31-399E7BAAF0A0}.Release|x86.Build.0 = Release|Win32
	EndGlobalSection
	GlobalSection(SolutionProperties) = preSolution
		HideSolutionNode = FALSE
	EndGlobalSection
	GlobalSection(ExtensibilityGlobals) = postSolution
		SolutionGuid = {836FDD6E-33C0-4E4A-B6C3-9D5005E13FC0}
	EndGlobalSection
EndGlobal
